// !$*UTF8*$!
{
	archiveVersion = 1;
	classes = {
	};
	objectVersion = 46;
	objects = {

/* Begin PBXBuildFile section */
		8F50B27F1D3DC1CF004B8AA1 /* Assets.xcassets in Resources */ = {isa = PBXBuildFile; fileRef = 8F50B27E1D3DC1CF004B8AA1 /* Assets.xcassets */; };
		8F50B2821D3DC1CF004B8AA1 /* LaunchScreen.storyboard in Resources */ = {isa = PBXBuildFile; fileRef = 8F50B2801D3DC1CF004B8AA1 /* LaunchScreen.storyboard */; };
		8F50B28D1D3DC1D0004B8AA1 /* StudentTests.swift in Sources */ = {isa = PBXBuildFile; fileRef = 8F50B28C1D3DC1D0004B8AA1 /* StudentTests.swift */; };
		8F50B2981D3DC1D1004B8AA1 /* StudentUITests.swift in Sources */ = {isa = PBXBuildFile; fileRef = 8F50B2971D3DC1D1004B8AA1 /* StudentUITests.swift */; };
		8F50B2AA1D3DC235004B8AA1 /* AppDelegate.swift in Sources */ = {isa = PBXBuildFile; fileRef = 8F50B2A61D3DC235004B8AA1 /* AppDelegate.swift */; };
		8F50B2AD1D3DC253004B8AA1 /* HomeViewController.swift in Sources */ = {isa = PBXBuildFile; fileRef = 8F50B2AB1D3DC253004B8AA1 /* HomeViewController.swift */; };
		8F50B2AE1D3DC253004B8AA1 /* HomeViewController.xib in Resources */ = {isa = PBXBuildFile; fileRef = 8F50B2AC1D3DC253004B8AA1 /* HomeViewController.xib */; };
		8F50B2B01D3DC272004B8AA1 /* Strings.swift in Sources */ = {isa = PBXBuildFile; fileRef = 8F50B2AF1D3DC272004B8AA1 /* Strings.swift */; };
/* End PBXBuildFile section */

/* Begin PBXContainerItemProxy section */
		8F50B2891D3DC1D0004B8AA1 /* PBXContainerItemProxy */ = {
			isa = PBXContainerItemProxy;
			containerPortal = 8F50B26C1D3DC1CC004B8AA1 /* Project object */;
			proxyType = 1;
			remoteGlobalIDString = 8F50B2731D3DC1CE004B8AA1;
			remoteInfo = Student;
		};
		8F50B2941D3DC1D1004B8AA1 /* PBXContainerItemProxy */ = {
			isa = PBXContainerItemProxy;
			containerPortal = 8F50B26C1D3DC1CC004B8AA1 /* Project object */;
			proxyType = 1;
			remoteGlobalIDString = 8F50B2731D3DC1CE004B8AA1;
			remoteInfo = Student;
		};
/* End PBXContainerItemProxy section */

/* Begin PBXFileReference section */
		8F50B2741D3DC1CE004B8AA1 /* Student.app */ = {isa = PBXFileReference; explicitFileType = wrapper.application; includeInIndex = 0; path = Student.app; sourceTree = BUILT_PRODUCTS_DIR; };
		8F50B27E1D3DC1CF004B8AA1 /* Assets.xcassets */ = {isa = PBXFileReference; lastKnownFileType = folder.assetcatalog; path = Assets.xcassets; sourceTree = "<group>"; };
		8F50B2811D3DC1CF004B8AA1 /* Base */ = {isa = PBXFileReference; lastKnownFileType = file.storyboard; name = Base; path = Base.lproj/LaunchScreen.storyboard; sourceTree = "<group>"; };
		8F50B2831D3DC1CF004B8AA1 /* Info.plist */ = {isa = PBXFileReference; lastKnownFileType = text.plist.xml; path = Info.plist; sourceTree = "<group>"; };
		8F50B2881D3DC1D0004B8AA1 /* StudentTests.xctest */ = {isa = PBXFileReference; explicitFileType = wrapper.cfbundle; includeInIndex = 0; path = StudentTests.xctest; sourceTree = BUILT_PRODUCTS_DIR; };
		8F50B28C1D3DC1D0004B8AA1 /* StudentTests.swift */ = {isa = PBXFileReference; lastKnownFileType = sourcecode.swift; path = StudentTests.swift; sourceTree = "<group>"; };
		8F50B28E1D3DC1D1004B8AA1 /* Info.plist */ = {isa = PBXFileReference; lastKnownFileType = text.plist.xml; path = Info.plist; sourceTree = "<group>"; };
		8F50B2931D3DC1D1004B8AA1 /* StudentUITests.xctest */ = {isa = PBXFileReference; explicitFileType = wrapper.cfbundle; includeInIndex = 0; path = StudentUITests.xctest; sourceTree = BUILT_PRODUCTS_DIR; };
		8F50B2971D3DC1D1004B8AA1 /* StudentUITests.swift */ = {isa = PBXFileReference; lastKnownFileType = sourcecode.swift; path = StudentUITests.swift; sourceTree = "<group>"; };
		8F50B2991D3DC1D1004B8AA1 /* Info.plist */ = {isa = PBXFileReference; lastKnownFileType = text.plist.xml; path = Info.plist; sourceTree = "<group>"; };
		8F50B2A61D3DC235004B8AA1 /* AppDelegate.swift */ = {isa = PBXFileReference; fileEncoding = 4; lastKnownFileType = sourcecode.swift; path = AppDelegate.swift; sourceTree = "<group>"; };
		8F50B2AB1D3DC253004B8AA1 /* HomeViewController.swift */ = {isa = PBXFileReference; fileEncoding = 4; lastKnownFileType = sourcecode.swift; path = HomeViewController.swift; sourceTree = "<group>"; };
		8F50B2AC1D3DC253004B8AA1 /* HomeViewController.xib */ = {isa = PBXFileReference; fileEncoding = 4; lastKnownFileType = file.xib; path = HomeViewController.xib; sourceTree = "<group>"; };
		8F50B2AF1D3DC272004B8AA1 /* Strings.swift */ = {isa = PBXFileReference; fileEncoding = 4; lastKnownFileType = sourcecode.swift; path = Strings.swift; sourceTree = "<group>"; };
/* End PBXFileReference section */

/* Begin PBXFrameworksBuildPhase section */
		8F50B2711D3DC1CE004B8AA1 /* Frameworks */ = {
			isa = PBXFrameworksBuildPhase;
			buildActionMask = 2147483647;
			files = (
			);
			runOnlyForDeploymentPostprocessing = 0;
		};
		8F50B2851D3DC1D0004B8AA1 /* Frameworks */ = {
			isa = PBXFrameworksBuildPhase;
			buildActionMask = 2147483647;
			files = (
			);
			runOnlyForDeploymentPostprocessing = 0;
		};
		8F50B2901D3DC1D1004B8AA1 /* Frameworks */ = {
			isa = PBXFrameworksBuildPhase;
			buildActionMask = 2147483647;
			files = (
			);
			runOnlyForDeploymentPostprocessing = 0;
		};
/* End PBXFrameworksBuildPhase section */

/* Begin PBXGroup section */
		8F50B26B1D3DC1CC004B8AA1 = {
			isa = PBXGroup;
			children = (
				8F50B2761D3DC1CE004B8AA1 /* Student */,
				8F50B28B1D3DC1D0004B8AA1 /* StudentTests */,
				8F50B2961D3DC1D1004B8AA1 /* StudentUITests */,
				8F50B2751D3DC1CE004B8AA1 /* Products */,
			);
			sourceTree = "<group>";
		};
		8F50B2751D3DC1CE004B8AA1 /* Products */ = {
			isa = PBXGroup;
			children = (
				8F50B2741D3DC1CE004B8AA1 /* Student.app */,
				8F50B2881D3DC1D0004B8AA1 /* StudentTests.xctest */,
				8F50B2931D3DC1D1004B8AA1 /* StudentUITests.xctest */,
			);
			name = Products;
			sourceTree = "<group>";
		};
		8F50B2761D3DC1CE004B8AA1 /* Student */ = {
			isa = PBXGroup;
			children = (
				8F50B2A51D3DC235004B8AA1 /* AppDelegate */,
				8F50B2A71D3DC235004B8AA1 /* Define */,
				8F50B2A81D3DC235004B8AA1 /* HomeViewController */,
				8F50B2A91D3DC235004B8AA1 /* Model */,
				8F50B27E1D3DC1CF004B8AA1 /* Assets.xcassets */,
				8F50B2801D3DC1CF004B8AA1 /* LaunchScreen.storyboard */,
				8F50B2831D3DC1CF004B8AA1 /* Info.plist */,
			);
			path = Student;
			sourceTree = "<group>";
		};
		8F50B28B1D3DC1D0004B8AA1 /* StudentTests */ = {
			isa = PBXGroup;
			children = (
				8F50B28C1D3DC1D0004B8AA1 /* StudentTests.swift */,
				8F50B28E1D3DC1D1004B8AA1 /* Info.plist */,
			);
			path = StudentTests;
			sourceTree = "<group>";
		};
		8F50B2961D3DC1D1004B8AA1 /* StudentUITests */ = {
			isa = PBXGroup;
			children = (
				8F50B2971D3DC1D1004B8AA1 /* StudentUITests.swift */,
				8F50B2991D3DC1D1004B8AA1 /* Info.plist */,
			);
			path = StudentUITests;
			sourceTree = "<group>";
		};
		8F50B2A51D3DC235004B8AA1 /* AppDelegate */ = {
			isa = PBXGroup;
			children = (
				8F50B2A61D3DC235004B8AA1 /* AppDelegate.swift */,
			);
			path = AppDelegate;
			sourceTree = "<group>";
		};
		8F50B2A71D3DC235004B8AA1 /* Define */ = {
			isa = PBXGroup;
			children = (
				8F50B2AF1D3DC272004B8AA1 /* Strings.swift */,
			);
			path = Define;
			sourceTree = "<group>";
		};
		8F50B2A81D3DC235004B8AA1 /* HomeViewController */ = {
			isa = PBXGroup;
			children = (
				8F50B2AB1D3DC253004B8AA1 /* HomeViewController.swift */,
				8F50B2AC1D3DC253004B8AA1 /* HomeViewController.xib */,
			);
			path = HomeViewController;
			sourceTree = "<group>";
		};
		8F50B2A91D3DC235004B8AA1 /* Model */ = {
			isa = PBXGroup;
			children = (
			);
			path = Model;
			sourceTree = "<group>";
		};
/* End PBXGroup section */

/* Begin PBXNativeTarget section */
		8F50B2731D3DC1CE004B8AA1 /* Student */ = {
			isa = PBXNativeTarget;
			buildConfigurationList = 8F50B29C1D3DC1D1004B8AA1 /* Build configuration list for PBXNativeTarget "Student" */;
			buildPhases = (
				8F50B2701D3DC1CE004B8AA1 /* Sources */,
				8F50B2711D3DC1CE004B8AA1 /* Frameworks */,
				8F50B2721D3DC1CE004B8AA1 /* Resources */,
			);
			buildRules = (
			);
			dependencies = (
			);
			name = Student;
			productName = Student;
			productReference = 8F50B2741D3DC1CE004B8AA1 /* Student.app */;
			productType = "com.apple.product-type.application";
		};
		8F50B2871D3DC1D0004B8AA1 /* StudentTests */ = {
			isa = PBXNativeTarget;
			buildConfigurationList = 8F50B29F1D3DC1D1004B8AA1 /* Build configuration list for PBXNativeTarget "StudentTests" */;
			buildPhases = (
				8F50B2841D3DC1D0004B8AA1 /* Sources */,
				8F50B2851D3DC1D0004B8AA1 /* Frameworks */,
				8F50B2861D3DC1D0004B8AA1 /* Resources */,
			);
			buildRules = (
			);
			dependencies = (
				8F50B28A1D3DC1D0004B8AA1 /* PBXTargetDependency */,
			);
			name = StudentTests;
			productName = StudentTests;
			productReference = 8F50B2881D3DC1D0004B8AA1 /* StudentTests.xctest */;
			productType = "com.apple.product-type.bundle.unit-test";
		};
		8F50B2921D3DC1D1004B8AA1 /* StudentUITests */ = {
			isa = PBXNativeTarget;
			buildConfigurationList = 8F50B2A21D3DC1D1004B8AA1 /* Build configuration list for PBXNativeTarget "StudentUITests" */;
			buildPhases = (
				8F50B28F1D3DC1D1004B8AA1 /* Sources */,
				8F50B2901D3DC1D1004B8AA1 /* Frameworks */,
				8F50B2911D3DC1D1004B8AA1 /* Resources */,
			);
			buildRules = (
			);
			dependencies = (
				8F50B2951D3DC1D1004B8AA1 /* PBXTargetDependency */,
			);
			name = StudentUITests;
			productName = StudentUITests;
			productReference = 8F50B2931D3DC1D1004B8AA1 /* StudentUITests.xctest */;
			productType = "com.apple.product-type.bundle.ui-testing";
		};
/* End PBXNativeTarget section */

/* Begin PBXProject section */
		8F50B26C1D3DC1CC004B8AA1 /* Project object */ = {
			isa = PBXProject;
			attributes = {
				LastSwiftUpdateCheck = 0730;
				LastUpgradeCheck = 0730;
				ORGANIZATIONNAME = Asiantech;
				TargetAttributes = {
					8F50B2731D3DC1CE004B8AA1 = {
						CreatedOnToolsVersion = 7.3.1;
					};
					8F50B2871D3DC1D0004B8AA1 = {
						CreatedOnToolsVersion = 7.3.1;
						TestTargetID = 8F50B2731D3DC1CE004B8AA1;
					};
					8F50B2921D3DC1D1004B8AA1 = {
						CreatedOnToolsVersion = 7.3.1;
						TestTargetID = 8F50B2731D3DC1CE004B8AA1;
					};
				};
			};
			buildConfigurationList = 8F50B26F1D3DC1CD004B8AA1 /* Build configuration list for PBXProject "Student" */;
			compatibilityVersion = "Xcode 3.2";
			developmentRegion = English;
			hasScannedForEncodings = 0;
			knownRegions = (
				en,
				Base,
			);
			mainGroup = 8F50B26B1D3DC1CC004B8AA1;
			productRefGroup = 8F50B2751D3DC1CE004B8AA1 /* Products */;
			projectDirPath = "";
			projectRoot = "";
			targets = (
				8F50B2731D3DC1CE004B8AA1 /* Student */,
				8F50B2871D3DC1D0004B8AA1 /* StudentTests */,
				8F50B2921D3DC1D1004B8AA1 /* StudentUITests */,
			);
		};
/* End PBXProject section */

/* Begin PBXResourcesBuildPhase section */
		8F50B2721D3DC1CE004B8AA1 /* Resources */ = {
			isa = PBXResourcesBuildPhase;
			buildActionMask = 2147483647;
			files = (
				8F50B2821D3DC1CF004B8AA1 /* LaunchScreen.storyboard in Resources */,
				8F50B27F1D3DC1CF004B8AA1 /* Assets.xcassets in Resources */,
				8F50B2AE1D3DC253004B8AA1 /* HomeViewController.xib in Resources */,
			);
			runOnlyForDeploymentPostprocessing = 0;
		};
		8F50B2861D3DC1D0004B8AA1 /* Resources */ = {
			isa = PBXResourcesBuildPhase;
			buildActionMask = 2147483647;
			files = (
			);
			runOnlyForDeploymentPostprocessing = 0;
		};
		8F50B2911D3DC1D1004B8AA1 /* Resources */ = {
			isa = PBXResourcesBuildPhase;
			buildActionMask = 2147483647;
			files = (
			);
			runOnlyForDeploymentPostprocessing = 0;
		};
/* End PBXResourcesBuildPhase section */

/* Begin PBXSourcesBuildPhase section */
		8F50B2701D3DC1CE004B8AA1 /* Sources */ = {
			isa = PBXSourcesBuildPhase;
			buildActionMask = 2147483647;
			files = (
				8F50B2AA1D3DC235004B8AA1 /* AppDelegate.swift in Sources */,
				8F50B2B01D3DC272004B8AA1 /* Strings.swift in Sources */,
				8F50B2AD1D3DC253004B8AA1 /* HomeViewController.swift in Sources */,
			);
			runOnlyForDeploymentPostprocessing = 0;
		};
		8F50B2841D3DC1D0004B8AA1 /* Sources */ = {
			isa = PBXSourcesBuildPhase;
			buildActionMask = 2147483647;
			files = (
				8F50B28D1D3DC1D0004B8AA1 /* StudentTests.swift in Sources */,
			);
			runOnlyForDeploymentPostprocessing = 0;
		};
		8F50B28F1D3DC1D1004B8AA1 /* Sources */ = {
			isa = PBXSourcesBuildPhase;
			buildActionMask = 2147483647;
			files = (
				8F50B2981D3DC1D1004B8AA1 /* StudentUITests.swift in Sources */,
			);
			runOnlyForDeploymentPostprocessing = 0;
		};
/* End PBXSourcesBuildPhase section */

/* Begin PBXTargetDependency section */
		8F50B28A1D3DC1D0004B8AA1 /* PBXTargetDependency */ = {
			isa = PBXTargetDependency;
			target = 8F50B2731D3DC1CE004B8AA1 /* Student */;
			targetProxy = 8F50B2891D3DC1D0004B8AA1 /* PBXContainerItemProxy */;
		};
		8F50B2951D3DC1D1004B8AA1 /* PBXTargetDependency */ = {
			isa = PBXTargetDependency;
			target = 8F50B2731D3DC1CE004B8AA1 /* Student */;
			targetProxy = 8F50B2941D3DC1D1004B8AA1 /* PBXContainerItemProxy */;
		};
/* End PBXTargetDependency section */

/* Begin PBXVariantGroup section */
		8F50B2801D3DC1CF004B8AA1 /* LaunchScreen.storyboard */ = {
			isa = PBXVariantGroup;
			children = (
				8F50B2811D3DC1CF004B8AA1 /* Base */,
			);
			name = LaunchScreen.storyboard;
			sourceTree = "<group>";
		};
/* End PBXVariantGroup section */

/* Begin XCBuildConfiguration section */
		8F50B29A1D3DC1D1004B8AA1 /* Debug */ = {
			isa = XCBuildConfiguration;
			buildSettings = {
				ALWAYS_SEARCH_USER_PATHS = NO;
				CLANG_ANALYZER_NONNULL = YES;
				CLANG_CXX_LANGUAGE_STANDARD = "gnu++0x";
				CLANG_CXX_LIBRARY = "libc++";
				CLANG_ENABLE_MODULES = YES;
				CLANG_ENABLE_OBJC_ARC = YES;
				CLANG_WARN_BOOL_CONVERSION = YES;
				CLANG_WARN_CONSTANT_CONVERSION = YES;
				CLANG_WARN_DIRECT_OBJC_ISA_USAGE = YES_ERROR;
				CLANG_WARN_EMPTY_BODY = YES;
				CLANG_WARN_ENUM_CONVERSION = YES;
				CLANG_WARN_INT_CONVERSION = YES;
				CLANG_WARN_OBJC_ROOT_CLASS = YES_ERROR;
				CLANG_WARN_UNREACHABLE_CODE = YES;
				CLANG_WARN__DUPLICATE_METHOD_MATCH = YES;
				"CODE_SIGN_IDENTITY[sdk=iphoneos*]" = "iPhone Developer";
				COPY_PHASE_STRIP = NO;
				DEBUG_INFORMATION_FORMAT = dwarf;
				ENABLE_STRICT_OBJC_MSGSEND = YES;
				ENABLE_TESTABILITY = YES;
				GCC_C_LANGUAGE_STANDARD = gnu99;
				GCC_DYNAMIC_NO_PIC = NO;
				GCC_NO_COMMON_BLOCKS = YES;
				GCC_OPTIMIZATION_LEVEL = 0;
				GCC_PREPROCESSOR_DEFINITIONS = (
					"DEBUG=1",
					"$(inherited)",
				);
				GCC_WARN_64_TO_32_BIT_CONVERSION = YES;
				GCC_WARN_ABOUT_RETURN_TYPE = YES_ERROR;
				GCC_WARN_UNDECLARED_SELECTOR = YES;
				GCC_WARN_UNINITIALIZED_AUTOS = YES_AGGRESSIVE;
				GCC_WARN_UNUSED_FUNCTION = YES;
				GCC_WARN_UNUSED_VARIABLE = YES;
				IPHONEOS_DEPLOYMENT_TARGET = 9.3;
				MTL_ENABLE_DEBUG_INFO = YES;
				ONLY_ACTIVE_ARCH = YES;
				SDKROOT = iphoneos;
				SWIFT_OPTIMIZATION_LEVEL = "-Onone";
			};
			name = Debug;
		};
		8F50B29B1D3DC1D1004B8AA1 /* Release */ = {
			isa = XCBuildConfiguration;
			buildSettings = {
				ALWAYS_SEARCH_USER_PATHS = NO;
				CLANG_ANALYZER_NONNULL = YES;
				CLANG_CXX_LANGUAGE_STANDARD = "gnu++0x";
				CLANG_CXX_LIBRARY = "libc++";
				CLANG_ENABLE_MODULES = YES;
				CLANG_ENABLE_OBJC_ARC = YES;
				CLANG_WARN_BOOL_CONVERSION = YES;
				CLANG_WARN_CONSTANT_CONVERSION = YES;
				CLANG_WARN_DIRECT_OBJC_ISA_USAGE = YES_ERROR;
				CLANG_WARN_EMPTY_BODY = YES;
				CLANG_WARN_ENUM_CONVERSION = YES;
				CLANG_WARN_INT_CONVERSION = YES;
				CLANG_WARN_OBJC_ROOT_CLASS = YES_ERROR;
				CLANG_WARN_UNREACHABLE_CODE = YES;
				CLANG_WARN__DUPLICATE_METHOD_MATCH = YES;
				"CODE_SIGN_IDENTITY[sdk=iphoneos*]" = "iPhone Developer";
				COPY_PHASE_STRIP = NO;
				DEBUG_INFORMATION_FORMAT = "dwarf-with-dsym";
				ENABLE_NS_ASSERTIONS = NO;
				ENABLE_STRICT_OBJC_MSGSEND = YES;
				GCC_C_LANGUAGE_STANDARD = gnu99;
				GCC_NO_COMMON_BLOCKS = YES;
				GCC_WARN_64_TO_32_BIT_CONVERSION = YES;
				GCC_WARN_ABOUT_RETURN_TYPE = YES_ERROR;
				GCC_WARN_UNDECLARED_SELECTOR = YES;
				GCC_WARN_UNINITIALIZED_AUTOS = YES_AGGRESSIVE;
				GCC_WARN_UNUSED_FUNCTION = YES;
				GCC_WARN_UNUSED_VARIABLE = YES;
				IPHONEOS_DEPLOYMENT_TARGET = 9.3;
				MTL_ENABLE_DEBUG_INFO = NO;
				SDKROOT = iphoneos;
				VALIDATE_PRODUCT = YES;
			};
			name = Release;
		};
		8F50B29D1D3DC1D1004B8AA1 /* Debug */ = {
			isa = XCBuildConfiguration;
			buildSettings = {
				ASSETCATALOG_COMPILER_APPICON_NAME = AppIcon;
				INFOPLIST_FILE = Student/Info.plist;
				LD_RUNPATH_SEARCH_PATHS = "$(inherited) @executable_path/Frameworks";
				PRODUCT_BUNDLE_IDENTIFIER = com.asiantech.Student;
				PRODUCT_NAME = "$(TARGET_NAME)";
			};
			name = Debug;
		};
		8F50B29E1D3DC1D1004B8AA1 /* Release */ = {
			isa = XCBuildConfiguration;
			buildSettings = {
				ASSETCATALOG_COMPILER_APPICON_NAME = AppIcon;
				INFOPLIST_FILE = Student/Info.plist;
				LD_RUNPATH_SEARCH_PATHS = "$(inherited) @executable_path/Frameworks";
				PRODUCT_BUNDLE_IDENTIFIER = com.asiantech.Student;
				PRODUCT_NAME = "$(TARGET_NAME)";
			};
			name = Release;
		};
		8F50B2A01D3DC1D1004B8AA1 /* Debug */ = {
			isa = XCBuildConfiguration;
			buildSettings = {
				BUNDLE_LOADER = "$(TEST_HOST)";
				INFOPLIST_FILE = StudentTests/Info.plist;
				LD_RUNPATH_SEARCH_PATHS = "$(inherited) @executable_path/Frameworks @loader_path/Frameworks";
				PRODUCT_BUNDLE_IDENTIFIER = com.asiantech.StudentTests;
				PRODUCT_NAME = "$(TARGET_NAME)";
				TEST_HOST = "$(BUILT_PRODUCTS_DIR)/Student.app/Student";
			};
			name = Debug;
		};
		8F50B2A11D3DC1D1004B8AA1 /* Release */ = {
			isa = XCBuildConfiguration;
			buildSettings = {
				BUNDLE_LOADER = "$(TEST_HOST)";
				INFOPLIST_FILE = StudentTests/Info.plist;
				LD_RUNPATH_SEARCH_PATHS = "$(inherited) @executable_path/Frameworks @loader_path/Frameworks";
				PRODUCT_BUNDLE_IDENTIFIER = com.asiantech.StudentTests;
				PRODUCT_NAME = "$(TARGET_NAME)";
				TEST_HOST = "$(BUILT_PRODUCTS_DIR)/Student.app/Student";
			};
			name = Release;
		};
		8F50B2A31D3DC1D1004B8AA1 /* Debug */ = {
			isa = XCBuildConfiguration;
			buildSettings = {
				INFOPLIST_FILE = StudentUITests/Info.plist;
				LD_RUNPATH_SEARCH_PATHS = "$(inherited) @executable_path/Frameworks @loader_path/Frameworks";
				PRODUCT_BUNDLE_IDENTIFIER = com.asiantech.StudentUITests;
				PRODUCT_NAME = "$(TARGET_NAME)";
				TEST_TARGET_NAME = Student;
			};
			name = Debug;
		};
		8F50B2A41D3DC1D1004B8AA1 /* Release */ = {
			isa = XCBuildConfiguration;
			buildSettings = {
				INFOPLIST_FILE = StudentUITests/Info.plist;
				LD_RUNPATH_SEARCH_PATHS = "$(inherited) @executable_path/Frameworks @loader_path/Frameworks";
				PRODUCT_BUNDLE_IDENTIFIER = com.asiantech.StudentUITests;
				PRODUCT_NAME = "$(TARGET_NAME)";
				TEST_TARGET_NAME = Student;
			};
			name = Release;
		};
/* End XCBuildConfiguration section */

/* Begin XCConfigurationList section */
		8F50B26F1D3DC1CD004B8AA1 /* Build configuration list for PBXProject "Student" */ = {
			isa = XCConfigurationList;
			buildConfigurations = (
				8F50B29A1D3DC1D1004B8AA1 /* Debug */,
				8F50B29B1D3DC1D1004B8AA1 /* Release */,
			);
			defaultConfigurationIsVisible = 0;
			defaultConfigurationName = Release;
		};
		8F50B29C1D3DC1D1004B8AA1 /* Build configuration list for PBXNativeTarget "Student" */ = {
			isa = XCConfigurationList;
			buildConfigurations = (
				8F50B29D1D3DC1D1004B8AA1 /* Debug */,
				8F50B29E1D3DC1D1004B8AA1 /* Release */,
			);
			defaultConfigurationIsVisible = 0;
		};
		8F50B29F1D3DC1D1004B8AA1 /* Build configuration list for PBXNativeTarget "StudentTests" */ = {
			isa = XCConfigurationList;
			buildConfigurations = (
				8F50B2A01D3DC1D1004B8AA1 /* Debug */,
				8F50B2A11D3DC1D1004B8AA1 /* Release */,
			);
			defaultConfigurationIsVisible = 0;
		};
		8F50B2A21D3DC1D1004B8AA1 /* Build configuration list for PBXNativeTarget "StudentUITests" */ = {
			isa = XCConfigurationList;
			buildConfigurations = (
				8F50B2A31D3DC1D1004B8AA1 /* Debug */,
				8F50B2A41D3DC1D1004B8AA1 /* Release */,
			);
			defaultConfigurationIsVisible = 0;
		};
/* End XCConfigurationList section */
	};
	rootObject = 8F50B26C1D3DC1CC004B8AA1 /* Project object */;
}
